
Microsoft Visual Studio Solution File, Format Version 12.00
# Visual Studio Version 17
VisualStudioVersion = 17.5.002.0
MinimumVisualStudioVersion = 10.0.40219.1
Project("{2150E333-8FDC-42A3-9474-1A3956D46DE8}") = "c-sharp-academy-mvc-01-todo-vsc-master", "c-sharp-academy-mvc-01-todo-vsc-master", "{3C39698A-473E-48CD-B61A-9F26FB11BE03}"
EndProject
Project("{9A19103F-16F7-4668-BE54-9A1E7A4F7556}") = "Todo", "c-sharp-academy-mvc-01-todo-vsc-master\Todo\Todo.csproj", "{48267D39-2D40-4D0B-A71D-BB5C15864EDB}"
EndProject
Global
	GlobalSection(SolutionConfigurationPlatforms) = preSolution
		Debug|Any CPU = Debug|Any CPU
		Release|Any CPU = Release|Any CPU
	EndGlobalSection
	GlobalSection(ProjectConfigurationPlatforms) = postSolution
		{48267D39-2D40-4D0B-A71D-BB5C15864EDB}.Debug|Any CPU.ActiveCfg = Debug|Any CPU
		{48267D39-2D40-4D0B-A71D-BB5C15864EDB}.Debug|Any CPU.Build.0 = Debug|Any CPU
		{48267D39-2D40-4D0B-A71D-BB5C15864EDB}.Release|Any CPU.ActiveCfg = Release|Any CPU
		{48267D39-2D40-4D0B-A71D-BB5C15864EDB}.Release|Any CPU.Build.0 = Release|Any CPU
	EndGlobalSection
	GlobalSection(SolutionProperties) = preSolution
		HideSolutionNode = FALSE
	EndGlobalSection
	GlobalSection(NestedProjects) = preSolution
		{48267D39-2D40-4D0B-A71D-BB5C15864EDB} = {3C39698A-473E-48CD-B61A-9F26FB11BE03}
	EndGlobalSection
	GlobalSection(ExtensibilityGlobals) = postSolution
		SolutionGuid = {9F9FA3D2-E790-4C7A-86AB-A4C68CB194CC}
	EndGlobalSection
EndGlobal
